
Microsoft Visual Studio Solution File, Format Version 12.00
# Visual Studio Version 17
VisualStudioVersion = 17.6.33712.159
MinimumVisualStudioVersion = 10.0.40219.1
Project("{FAE04EC0-301F-11D3-BF4B-00C04F79EFBC}") = "AddressBook", "AddressBook\AddressBook.csproj", "{AD3604C4-4773-4B8C-A6E3-52DED3DA5FE3}"
EndProject
Global
	GlobalSection(SolutionConfigurationPlatforms) = preSolution
		Debug|Any CPU = Debug|Any CPU
		Release|Any CPU = Release|Any CPU
	EndGlobalSection
	GlobalSection(ProjectConfigurationPlatforms) = postSolution
		{AD3604C4-4773-4B8C-A6E3-52DED3DA5FE3}.Debug|Any CPU.ActiveCfg = Debug|Any CPU
		{AD3604C4-4773-4B8C-A6E3-52DED3DA5FE3}.Debug|Any CPU.Build.0 = Debug|Any CPU
		{AD3604C4-4773-4B8C-A6E3-52DED3DA5FE3}.Release|Any CPU.ActiveCfg = Release|Any CPU
		{AD3604C4-4773-4B8C-A6E3-52DED3DA5FE3}.Release|Any CPU.Build.0 = Release|Any CPU
	EndGlobalSection
	GlobalSection(SolutionProperties) = preSolution
		HideSolutionNode = FALSE
	EndGlobalSection
	GlobalSection(ExtensibilityGlobals) = postSolution
		SolutionGuid = {80124C0F-0E45-4977-ABAC-885BB99B2448}
	EndGlobalSection
EndGlobal
